
Microsoft Visual Studio Solution File, Format Version 12.00
# Visual Studio Version 16
VisualStudioVersion = 16.0.29521.150
MinimumVisualStudioVersion = 10.0.40219.1
Project("{FAE04EC0-301F-11D3-BF4B-00C04F79EFBC}") = "LoginApp", "LoginApp\LoginApp.csproj", "{4EED04E7-4FE6-4D6E-8C98-C62E39DDDE92}"
EndProject
Global
	GlobalSection(SolutionConfigurationPlatforms) = preSolution
		Debug|Any CPU = Debug|Any CPU
		Release|Any CPU = Release|Any CPU
	EndGlobalSection
	GlobalSection(ProjectConfigurationPlatforms) = postSolution
		{4EED04E7-4FE6-4D6E-8C98-C62E39DDDE92}.Debug|Any CPU.ActiveCfg = Debug|Any CPU
		{4EED04E7-4FE6-4D6E-8C98-C62E39DDDE92}.Debug|Any CPU.Build.0 = Debug|Any CPU
		{4EED04E7-4FE6-4D6E-8C98-C62E39DDDE92}.Release|Any CPU.ActiveCfg = Release|Any CPU
		{4EED04E7-4FE6-4D6E-8C98-C62E39DDDE92}.Release|Any CPU.Build.0 = Release|Any CPU
	EndGlobalSection
	GlobalSection(SolutionProperties) = preSolution
		HideSolutionNode = FALSE
	EndGlobalSection
	GlobalSection(ExtensibilityGlobals) = postSolution
		SolutionGuid = {C1B8A50D-7DBA-48F4-9970-684783BA62CF}
	EndGlobalSection
EndGlobal
